{
  "projects": [
    {
      "projectId": "caTPwKxj5ZrD9LQ7DMdK4Z",
      "version": "3.40.0",
      "dependencies": {},
      "lang": "ts",
      "fileLocks": [
        {
          "assetId": "caTPwKxj5ZrD9LQ7DMdK4Z",
          "type": "projectCss",
          "checksum": "1c02168c6b23256606111fdfdbb63549"
        }
      ],
      "codegenVersion": "0.0.1"
    },
    {
      "projectId": "7nJ7UcFmq9UzB6eXfC5z4a",
      "version": "0.31.0",
      "dependencies": {},
      "lang": "ts",
      "fileLocks": [
        {
          "assetId": "7nJ7UcFmq9UzB6eXfC5z4a",
          "type": "projectCss",
          "checksum": "01e8cee5b9ce00fbc93f494c2a40dbf1"
        }
      ],
      "codegenVersion": "0.0.1"
    },
    {
      "projectId": "95cydKu4zdmeK3V4rXXSKZ",
      "version": "0.4.0",
      "dependencies": {},
      "lang": "ts",
      "fileLocks": [
        {
          "assetId": "95cydKu4zdmeK3V4rXXSKZ",
          "type": "projectCss",
          "checksum": "1c02168c6b23256606111fdfdbb63549"
        }
      ],
      "codegenVersion": "0.0.1"
    },
    {
      "projectId": "k6BnBuAUepzRX8Qs2WvkKs",
      "version": "0.4.0",
      "dependencies": {},
      "lang": "ts",
      "fileLocks": [
        {
          "assetId": "k6BnBuAUepzRX8Qs2WvkKs",
          "type": "projectCss",
          "checksum": "1c02168c6b23256606111fdfdbb63549"
        }
      ],
      "codegenVersion": "0.0.1"
    },
    {
      "projectId": "vWtWgPPF1YuRD8hUh8BgQm",
      "version": "0.4.0",
      "dependencies": {},
      "lang": "ts",
      "fileLocks": [
        {
          "assetId": "vWtWgPPF1YuRD8hUh8BgQm",
          "type": "projectCss",
          "checksum": "1c02168c6b23256606111fdfdbb63549"
        }
      ],
      "codegenVersion": "0.0.1"
    },
    {
      "projectId": "hsyJcmBceSfPzvvXzVTuk7",
      "version": "0.2.0",
      "dependencies": {},
      "lang": "ts",
      "fileLocks": [
        {
          "assetId": "hsyJcmBceSfPzvvXzVTuk7",
          "type": "projectCss",
          "checksum": "1c02168c6b23256606111fdfdbb63549"
        }
      ],
      "codegenVersion": "0.0.1"
    },
    {
      "projectId": "hjKYmYi6HMwK6TRyk7ew5R",
      "version": "6.42.0",
      "dependencies": {},
      "lang": "ts",
      "fileLocks": [
        {
          "assetId": "hjKYmYi6HMwK6TRyk7ew5R",
          "type": "projectCss",
          "checksum": "8261c92e439d6a43426690ea3cba615f"
        },
        {
          "assetId": "hjKYmYi6HMwK6TRyk7ew5R",
          "checksum": "ce1c1c4c2068f2505d175a1b6e17d26a",
          "type": "globalContexts"
        }
      ],
      "codegenVersion": "0.0.1"
    },
    {
      "projectId": "28Ba3BDvRe7EiWdfFNnLB6",
      "version": "2.38.0",
      "dependencies": {},
      "lang": "ts",
      "fileLocks": [
        {
          "assetId": "28Ba3BDvRe7EiWdfFNnLB6",
          "type": "projectCss",
          "checksum": "1c02168c6b23256606111fdfdbb63549"
        }
      ],
      "codegenVersion": "0.0.1"
    },
    {
      "projectId": "jkU633o1Cz7HrJdwdxhVHk",
      "version": "16.13.0",
      "dependencies": {},
      "lang": "ts",
      "fileLocks": [
        {
          "assetId": "jkU633o1Cz7HrJdwdxhVHk",
          "type": "projectCss",
          "checksum": "cf57d229ecea50678d9d8d3bc0e3dd9b"
        }
      ],
      "codegenVersion": "0.0.1"
    },
    {
      "projectId": "ohDidvG9XsCeFumugENU3J",
      "version": "6.29.0",
      "dependencies": {},
      "lang": "ts",
      "fileLocks": [
        {
          "assetId": "ohDidvG9XsCeFumugENU3J",
          "type": "projectCss",
          "checksum": "ba2a60a163fca4f4d510275088a2be53"
        },
        {
          "assetId": "ohDidvG9XsCeFumugENU3J",
          "checksum": "de0a0e65174a6a185a8f822af51c6bdd",
          "type": "globalContexts"
        }
      ],
      "codegenVersion": "0.0.1"
    },
    {
      "projectId": "22U3ZXm4dE59qEW488gxzU",
      "version": "0.30.0",
      "dependencies": {},
      "lang": "ts",
      "fileLocks": [
        {
          "assetId": "22U3ZXm4dE59qEW488gxzU",
          "type": "projectCss",
          "checksum": "876823639c117fe98dfebeaff5b32551"
        },
        {
          "assetId": "22U3ZXm4dE59qEW488gxzU",
          "checksum": "060bb74494371f939de72df9e191bdcf",
          "type": "globalContexts"
        }
      ],
      "codegenVersion": "0.0.1"
    },
    {
      "projectId": "2p9VhVhxAWhB5Nusx9QUQ2",
      "version": "latest",
      "dependencies": {
        "22U3ZXm4dE59qEW488gxzU": "0.30.0",
        "ohDidvG9XsCeFumugENU3J": "6.29.0",
        "jkU633o1Cz7HrJdwdxhVHk": "16.13.0",
        "28Ba3BDvRe7EiWdfFNnLB6": "2.38.0",
        "hjKYmYi6HMwK6TRyk7ew5R": "6.42.0",
        "hsyJcmBceSfPzvvXzVTuk7": "0.2.0",
        "vWtWgPPF1YuRD8hUh8BgQm": "0.4.0",
        "k6BnBuAUepzRX8Qs2WvkKs": "0.4.0",
        "95cydKu4zdmeK3V4rXXSKZ": "0.4.0",
        "7nJ7UcFmq9UzB6eXfC5z4a": "0.31.0",
        "caTPwKxj5ZrD9LQ7DMdK4Z": "3.40.0"
      },
      "lang": "ts",
      "fileLocks": [
        {
          "type": "globalVariant",
          "assetId": "_0qmF6MTAnaU",
          "checksum": "f7d589c09dbc00c9c5e91afb370e86d8"
        },
        {
          "type": "globalVariant",
          "assetId": "wyqDOREeKIlt",
          "checksum": "10c90f4156140b703e65f54f57bec468"
        },
        {
          "assetId": "2p9VhVhxAWhB5Nusx9QUQ2",
          "type": "projectCss",
          "checksum": "cff34ff35c74a3922042b9510f177d7c"
        },
        {
          "assetId": "2p9VhVhxAWhB5Nusx9QUQ2",
          "checksum": "4892ac1d480be301e22d1a80ce6936bf",
          "type": "globalContexts"
        },
        {
          "type": "renderModule",
          "assetId": "uJeZUBcKfARu",
          "checksum": "99c75546c6d82e7860d6b725d912cdcc"
        },
        {
          "type": "cssRules",
          "assetId": "uJeZUBcKfARu",
          "checksum": "99c75546c6d82e7860d6b725d912cdcc"
        },
        {
          "type": "renderModule",
          "assetId": "EyzplKTGD_DF",
          "checksum": "2e06ff099f129a62a50a260e939bc560"
        },
        {
          "type": "cssRules",
          "assetId": "EyzplKTGD_DF",
          "checksum": "2e06ff099f129a62a50a260e939bc560"
        },
        {
          "type": "renderModule",
          "assetId": "V8l1JeQWeinn",
          "checksum": "681ac0313bc351b805cae13ca0e244f5"
        },
        {
          "type": "cssRules",
          "assetId": "V8l1JeQWeinn",
          "checksum": "681ac0313bc351b805cae13ca0e244f5"
        },
        {
          "type": "renderModule",
          "assetId": "3KO6LzLmW5ZO",
          "checksum": "380e64b382989b9b637a9e9b4259d6a7"
        },
        {
          "type": "cssRules",
          "assetId": "3KO6LzLmW5ZO",
          "checksum": "380e64b382989b9b637a9e9b4259d6a7"
        },
        {
          "type": "renderModule",
          "assetId": "21hHWiV01rOa",
          "checksum": "fdc789ca78baf8ee351fc4c0487f72c7"
        },
        {
          "type": "cssRules",
          "assetId": "21hHWiV01rOa",
          "checksum": "fdc789ca78baf8ee351fc4c0487f72c7"
        },
        {
          "type": "renderModule",
          "assetId": "D2DzRkcO7hL6",
          "checksum": "e443ab5ca6a46e703d036bf91ae0a5f4"
        },
        {
          "type": "cssRules",
          "assetId": "D2DzRkcO7hL6",
          "checksum": "e443ab5ca6a46e703d036bf91ae0a5f4"
        },
        {
          "type": "renderModule",
          "assetId": "RpZs2qfsI2pw",
          "checksum": "6b1edcb1b1578408e7356e48798f5ea1"
        },
        {
          "type": "cssRules",
          "assetId": "RpZs2qfsI2pw",
          "checksum": "6b1edcb1b1578408e7356e48798f5ea1"
        },
        {
          "type": "renderModule",
          "assetId": "jOOAO_Iy5Zph",
          "checksum": "436befc9f552b9c9084d62f02e198147"
        },
        {
          "type": "cssRules",
          "assetId": "jOOAO_Iy5Zph",
          "checksum": "436befc9f552b9c9084d62f02e198147"
        },
        {
          "type": "renderModule",
          "assetId": "qw7tQ-F1Iyxa",
          "checksum": "19e91b2183b8e995694c75a64b03780e"
        },
        {
          "type": "cssRules",
          "assetId": "qw7tQ-F1Iyxa",
          "checksum": "19e91b2183b8e995694c75a64b03780e"
        },
        {
          "type": "renderModule",
          "assetId": "OGdyRBmo77lT",
          "checksum": "68215e7546e32d30a99419846ef3581e"
        },
        {
          "type": "cssRules",
          "assetId": "OGdyRBmo77lT",
          "checksum": "68215e7546e32d30a99419846ef3581e"
        },
        {
          "type": "renderModule",
          "assetId": "QZYU2P-IDkxx",
          "checksum": "3a7bca134dfae4b85f3aa5127cc56b51"
        },
        {
          "type": "cssRules",
          "assetId": "QZYU2P-IDkxx",
          "checksum": "3a7bca134dfae4b85f3aa5127cc56b51"
        },
        {
          "type": "renderModule",
          "assetId": "9rGWqtPg4lLP",
          "checksum": "dbb303504f14b344e69f60d2c719593b"
        },
        {
          "type": "cssRules",
          "assetId": "9rGWqtPg4lLP",
          "checksum": "dbb303504f14b344e69f60d2c719593b"
        },
        {
          "type": "renderModule",
          "assetId": "CAYyPzQOdHQ0",
          "checksum": "e7e4813b089cc6e4c0ac3aca771ebbde"
        },
        {
          "type": "cssRules",
          "assetId": "CAYyPzQOdHQ0",
          "checksum": "e7e4813b089cc6e4c0ac3aca771ebbde"
        },
        {
          "type": "renderModule",
          "assetId": "vIsAJPQyd6Jq",
          "checksum": "90bc99fdbfa8e0ce22347e55cd234b57"
        },
        {
          "type": "cssRules",
          "assetId": "vIsAJPQyd6Jq",
          "checksum": "90bc99fdbfa8e0ce22347e55cd234b57"
        },
        {
          "type": "renderModule",
          "assetId": "yxQmGgAy9hde",
          "checksum": "73e1b25d9b6c0defaf8eface5b93a051"
        },
        {
          "type": "cssRules",
          "assetId": "yxQmGgAy9hde",
          "checksum": "73e1b25d9b6c0defaf8eface5b93a051"
        },
        {
          "type": "renderModule",
          "assetId": "7Ks2sCBPZV9k",
          "checksum": "2dd94e46433987cc16c0c4ca7ba230af"
        },
        {
          "type": "cssRules",
          "assetId": "7Ks2sCBPZV9k",
          "checksum": "2dd94e46433987cc16c0c4ca7ba230af"
        },
        {
          "type": "renderModule",
          "assetId": "Mjl6P60oGLT_",
          "checksum": "99d7750ebaccad17c70d81d855d27d06"
        },
        {
          "type": "cssRules",
          "assetId": "Mjl6P60oGLT_",
          "checksum": "99d7750ebaccad17c70d81d855d27d06"
        },
        {
          "type": "renderModule",
          "assetId": "bILD32tm80zd",
          "checksum": "0cbb0d2278657a3bf3bfa21e7a6d9150"
        },
        {
          "type": "cssRules",
          "assetId": "bILD32tm80zd",
          "checksum": "0cbb0d2278657a3bf3bfa21e7a6d9150"
        },
        {
          "type": "renderModule",
          "assetId": "J9z0PWbHq357",
          "checksum": "65e5fd8453aa46cd432473ed23067fce"
        },
        {
          "type": "cssRules",
          "assetId": "J9z0PWbHq357",
          "checksum": "65e5fd8453aa46cd432473ed23067fce"
        },
        {
          "type": "renderModule",
          "assetId": "WHvMDFyr8qi3",
          "checksum": "58fc617f554a5382ff549ba345840544"
        },
        {
          "type": "cssRules",
          "assetId": "WHvMDFyr8qi3",
          "checksum": "58fc617f554a5382ff549ba345840544"
        },
        {
          "type": "renderModule",
          "assetId": "AAAiqfM0zv7D",
          "checksum": "bf4ae0029c9ab7468eba8dd56514ecc2"
        },
        {
          "type": "cssRules",
          "assetId": "AAAiqfM0zv7D",
          "checksum": "bf4ae0029c9ab7468eba8dd56514ecc2"
        },
        {
          "type": "renderModule",
          "assetId": "i6hAdr-YUMOP",
          "checksum": "8df3b8298aa5c966fe58175b8af15ea8"
        },
        {
          "type": "cssRules",
          "assetId": "i6hAdr-YUMOP",
          "checksum": "8df3b8298aa5c966fe58175b8af15ea8"
        },
        {
          "type": "renderModule",
          "assetId": "IiQiNRBehBFl",
          "checksum": "572dc2dc503359c74ad901681ef86068"
        },
        {
          "type": "cssRules",
          "assetId": "IiQiNRBehBFl",
          "checksum": "572dc2dc503359c74ad901681ef86068"
        },
        {
          "type": "renderModule",
          "assetId": "hChtZgIyLUvt",
          "checksum": "da3f2c579950f435005c7efca3e0682a"
        },
        {
          "type": "cssRules",
          "assetId": "hChtZgIyLUvt",
          "checksum": "da3f2c579950f435005c7efca3e0682a"
        },
        {
          "type": "renderModule",
          "assetId": "_THCDN_rh1Mn",
          "checksum": "173bd08f49d80a5d3809989840bde74a"
        },
        {
          "type": "cssRules",
          "assetId": "_THCDN_rh1Mn",
          "checksum": "173bd08f49d80a5d3809989840bde74a"
        },
        {
          "type": "renderModule",
          "assetId": "-3Ai3H1Wr9UX",
          "checksum": "b3aa01007978599d176577380716443f"
        },
        {
          "type": "cssRules",
          "assetId": "-3Ai3H1Wr9UX",
          "checksum": "b3aa01007978599d176577380716443f"
        },
        {
          "type": "renderModule",
          "assetId": "Te9KU2ZufSm0",
          "checksum": "86dabd849fc109b825cf6c18f46fe491"
        },
        {
          "type": "cssRules",
          "assetId": "Te9KU2ZufSm0",
          "checksum": "86dabd849fc109b825cf6c18f46fe491"
        },
        {
          "type": "renderModule",
          "assetId": "z4Y-9l1_pr2Q",
          "checksum": "f5e6e5e1e88d68d5e888f6d2edbdebc7"
        },
        {
          "type": "cssRules",
          "assetId": "z4Y-9l1_pr2Q",
          "checksum": "f5e6e5e1e88d68d5e888f6d2edbdebc7"
        },
        {
          "type": "renderModule",
          "assetId": "FqTR-H4DBY2f",
          "checksum": "2c9b8afee499b688072195172ddb7085"
        },
        {
          "type": "cssRules",
          "assetId": "FqTR-H4DBY2f",
          "checksum": "2c9b8afee499b688072195172ddb7085"
        },
        {
          "type": "renderModule",
          "assetId": "B45lS1hhx1Vs",
          "checksum": "20f11841f839a304d958a3c9294a140a"
        },
        {
          "type": "cssRules",
          "assetId": "B45lS1hhx1Vs",
          "checksum": "20f11841f839a304d958a3c9294a140a"
        },
        {
          "type": "renderModule",
          "assetId": "m6N0-lNs2LDy",
          "checksum": "6cf5128e17f437ea6f7fbaa5e42b18a6"
        },
        {
          "type": "cssRules",
          "assetId": "m6N0-lNs2LDy",
          "checksum": "6cf5128e17f437ea6f7fbaa5e42b18a6"
        },
        {
          "type": "renderModule",
          "assetId": "TPQtu0_lm6_M",
          "checksum": "a340f3b2cbb571a7e53b34fe85906255"
        },
        {
          "type": "cssRules",
          "assetId": "TPQtu0_lm6_M",
          "checksum": "a340f3b2cbb571a7e53b34fe85906255"
        },
        {
          "type": "renderModule",
          "assetId": "uHr0_ke6W-Dn",
          "checksum": "663757cf9c1f2116046ceed713d4103b"
        },
        {
          "type": "cssRules",
          "assetId": "uHr0_ke6W-Dn",
          "checksum": "663757cf9c1f2116046ceed713d4103b"
        },
        {
          "type": "renderModule",
          "assetId": "TO3DElMkZcRm",
          "checksum": "f47bba358ebc394324dfcfe967135354"
        },
        {
          "type": "cssRules",
          "assetId": "TO3DElMkZcRm",
          "checksum": "f47bba358ebc394324dfcfe967135354"
        },
        {
          "type": "renderModule",
          "assetId": "p0K-EyPzT18N",
          "checksum": "d04a150a7eea25987f8026a8d0dcf481"
        },
        {
          "type": "cssRules",
          "assetId": "p0K-EyPzT18N",
          "checksum": "d04a150a7eea25987f8026a8d0dcf481"
        },
        {
          "type": "renderModule",
          "assetId": "D63hqLhEBs30",
          "checksum": "41ef5cb9b9d9862a35c91d95123b5f51"
        },
        {
          "type": "cssRules",
          "assetId": "D63hqLhEBs30",
          "checksum": "41ef5cb9b9d9862a35c91d95123b5f51"
        },
        {
          "type": "renderModule",
          "assetId": "ggwn6qdMRYcu",
          "checksum": "65e2808989b9af068a4bde50656ae216"
        },
        {
          "type": "cssRules",
          "assetId": "ggwn6qdMRYcu",
          "checksum": "65e2808989b9af068a4bde50656ae216"
        },
        {
          "type": "renderModule",
          "assetId": "8IV2OEDcUMSX",
          "checksum": "5e6a7f62e1cf61267cc579c5be28c181"
        },
        {
          "type": "cssRules",
          "assetId": "8IV2OEDcUMSX",
          "checksum": "5e6a7f62e1cf61267cc579c5be28c181"
        },
        {
          "type": "icon",
          "assetId": "aMaZasNPz66Q",
          "checksum": "992b60150e5716490d090652015160da"
        },
        {
          "type": "icon",
          "assetId": "lMjobyi2wRqh",
          "checksum": "c1c82bfe251515e7b361e6e8e51949d9"
        },
        {
          "type": "icon",
          "assetId": "R80lDIuk3WQt",
          "checksum": "156ccd7cb38eee5b586c49cefc9078c2"
        },
        {
          "type": "icon",
          "assetId": "a10b6f8Q86HW",
          "checksum": "059b6880620655ab8f4aa6ef51680293"
        },
        {
          "type": "icon",
          "assetId": "j3whR53MQDz4",
          "checksum": "3c4bb38812c688424f57853c87b2f783"
        },
        {
          "type": "icon",
          "assetId": "POHSpSshw25r",
          "checksum": "ef78ce8f20c925e523e5f984e43180ff"
        },
        {
          "type": "icon",
          "assetId": "NrV46_Uha6H4",
          "checksum": "f90ca4cc2342820466399ec81512a1c7"
        },
        {
          "type": "icon",
          "assetId": "hcWPVY4v-Rr4",
          "checksum": "6f544b0ae27ce5285cd49b3a2362dbd3"
        },
        {
          "type": "icon",
          "assetId": "pQQeSR_6DGYe",
          "checksum": "91a52c415db18522ee5b2e44db8f30d3"
        },
        {
          "type": "icon",
          "assetId": "OhHbf5je4-iq",
          "checksum": "81fd030f8732a7056968546e4bb440b1"
        },
        {
          "type": "icon",
          "assetId": "1-wnBb_d4Jc7",
          "checksum": "476a7d9f7084cbe7f9fd0a68f1a12a68"
        },
        {
          "type": "icon",
          "assetId": "ThwD26Dp5Zfp",
          "checksum": "d2a8752a7ea0121e3013db5ff870a553"
        },
        {
          "type": "icon",
          "assetId": "Hk6OBDN3dRJs",
          "checksum": "8f1c958cf29b6b4bc004bc11f71fab45"
        },
        {
          "type": "icon",
          "assetId": "vxW5vqDAmeAI",
          "checksum": "906337a4d236c0a6423baaba800aea07"
        },
        {
          "type": "icon",
          "assetId": "o0c7L_FzzkM5",
          "checksum": "33c7283689dec24210dde7670f472e15"
        },
        {
          "type": "icon",
          "assetId": "eIIrHwC8KFIP",
          "checksum": "1414e347028248e68b16b510ebde4832"
        },
        {
          "type": "icon",
          "assetId": "jw1KzL1PXLKR",
          "checksum": "9b1702c799baa2799df8bec5447e214c"
        },
        {
          "type": "icon",
          "assetId": "fhwJzIb6Dfk7",
          "checksum": "0b42738658fd4f7f4cff0277274e14b6"
        },
        {
          "type": "icon",
          "assetId": "XWK72G0LZflb",
          "checksum": "7e94def9a96969dd9e8a12163f8d082b"
        },
        {
          "type": "icon",
          "assetId": "519ruFevp7bj",
          "checksum": "c326762e821665839c57223f3cefbec8"
        },
        {
          "type": "icon",
          "assetId": "_65bIzacfsMl",
          "checksum": "02f8011b54aacd727435c5ec2990698a"
        },
        {
          "type": "icon",
          "assetId": "oRRo68X2Psqt",
          "checksum": "9fd4b52fdd173279bb3b79ca8cc66929"
        },
        {
          "type": "icon",
          "assetId": "0IF2JoW2ay4G",
          "checksum": "a1772248d6d29e795726533d9aa0eb7a"
        },
        {
          "type": "icon",
          "assetId": "jRbjhH5dDdy_",
          "checksum": "e0f619264493215c2fb4704d8918e5ae"
        },
        {
          "type": "icon",
          "assetId": "7QEV8fM93EDd",
          "checksum": "2540e54790871b9e6f3745991ca741c1"
        },
        {
          "type": "icon",
          "assetId": "X3ODcQ2KORJv",
          "checksum": "79d18cfaedf171a433ffbfe634f83032"
        },
        {
          "type": "icon",
          "assetId": "Ck5QjlcI0HmN",
          "checksum": "dd8337af2ade7d3292cf9390f17399dc"
        },
        {
          "type": "icon",
          "assetId": "dEUtuwsygc-s",
          "checksum": "2893534a6d710981b29971fa827c1aec"
        },
        {
          "type": "icon",
          "assetId": "dck6yM8AEIGO",
          "checksum": "3ffa62cf85924548d333d9f056768d51"
        },
        {
          "type": "image",
          "assetId": "SvtPbAnVPRL8",
          "checksum": "97a5172c698bbb83af360088f71e6f7b"
        },
        {
          "type": "image",
          "assetId": "Tx48gA1Z5JBG",
          "checksum": "a02b0e83147d31af00825c1e0cb02fa7"
        },
        {
          "type": "image",
          "assetId": "b9ekrQZ5XVX9",
          "checksum": "813569367177c25cdfbda34b81331af7"
        },
        {
          "type": "image",
          "assetId": "KUsBSlX2BwJs",
          "checksum": "a88dd47c315af8f182b33bc792933fb4"
        },
        {
          "type": "image",
          "assetId": "54FkDMVb-wLS",
          "checksum": "20282903c5d13fcda22b132964cd2517"
        },
        {
          "type": "image",
          "assetId": "Oukstt4Oc2jJ",
          "checksum": "a33c53e6b2ffe40fd76b9450f1ce94ff"
        },
        {
          "type": "image",
          "assetId": "YgccEGw4wT6c",
          "checksum": "2ae6b4a87f6ad694ecf5cc8c2dd5cf7d"
        },
        {
          "type": "image",
          "assetId": "MnO6ndHoZQoU",
          "checksum": "eb0889c8f47762b28ea28de096d27e93"
        },
        {
          "type": "image",
          "assetId": "ZQFiiB5zljQt",
          "checksum": "88681e5fbb13899ed5e068c986a80460"
        },
        {
          "type": "image",
          "assetId": "HzCEGypLiJTt",
          "checksum": "ffde9d2d445e2a7c608d6eab509d71d1"
        },
        {
          "type": "image",
          "assetId": "IKLot5rkZpON",
          "checksum": "b777b25aa5515324947c0baf2db7d9ce"
        },
        {
          "type": "image",
          "assetId": "SYno_05wAebI",
          "checksum": "ee4cf53392f298b13152330b809073b2"
        },
        {
          "type": "image",
          "assetId": "KlE9iqD98I7i",
          "checksum": "77e0c64616faedd2f00f2d928132d7c0"
        },
        {
          "type": "image",
          "assetId": "X0U0KzRN63DA",
          "checksum": "63f19d51369d04b262aaf9a9f4ed622a"
        },
        {
          "type": "image",
          "assetId": "re053OYtqOfR",
          "checksum": "8799c0a51345cce8acb1c4ce9272018d"
        },
        {
          "type": "image",
          "assetId": "VnHXQg3kWRle",
          "checksum": "3f79bf2d7b79e539125061dc0ffc2a8a"
        },
        {
          "type": "image",
          "assetId": "ks9dqxIyt2fn",
          "checksum": "98d92f8b3c5f1b0dcc6c68ab6a3e4533"
        },
        {
          "type": "image",
          "assetId": "Sgoihz1hRVHa",
          "checksum": "160b81f0aafbfdfab580f4b86d52633e"
        },
        {
          "type": "image",
          "assetId": "ZXhvXXOAc0pn",
          "checksum": "f4ea9aa9e308fee29ffdc6cbc6dcfc93"
        },
        {
          "type": "image",
          "assetId": "JyaDZsQMNRsp",
          "checksum": "90e88955853c4109719c7fd526cb3046"
        },
        {
          "type": "image",
          "assetId": "KqgpKQsKPf9j",
          "checksum": "fa2b236aa160827d417e6a0d5eba9cd6"
        },
        {
          "type": "image",
          "assetId": "6JPqUSlIB3gw",
          "checksum": "a7714656c6f5c24c95a22f0c5b8eaf90"
        },
        {
          "type": "image",
          "assetId": "42f2kjU8KvaD",
          "checksum": "c6604c029b5e9287289ca0dc68c4414f"
        },
        {
          "type": "image",
          "assetId": "hdJTnlp9bcpY",
          "checksum": "a92622fea9bb473f524ca7e9e435460b"
        },
        {
          "type": "image",
          "assetId": "G_uu6ifvjRLv",
          "checksum": "350874a196ad3479d1d286dc68d97590"
        },
        {
          "type": "image",
          "assetId": "W2a8q8pN02XW",
          "checksum": "91cc5e81b71b9450a2d6d3d5634d654a"
        },
        {
          "type": "image",
          "assetId": "uyQPrVnViye1",
          "checksum": "297a8846d4a83b2dbf559bd5b57b76a2"
        },
        {
          "type": "image",
          "assetId": "7JhWNslvNVDz",
          "checksum": "b597b045399100503d2a07bfe6444553"
        },
        {
          "type": "image",
          "assetId": "Xb22WZvZjFy4",
          "checksum": "00708541805904022b835b087c6483b1"
        },
        {
          "type": "image",
          "assetId": "vgFfVBK4EAZm",
          "checksum": "e9e48f1504a453ad464126f0bf629110"
        },
        {
          "type": "image",
          "assetId": "uXbDqrMXkQLl",
          "checksum": "7d44b9f80f0cad7800105c6f321a4041"
        },
        {
          "type": "image",
          "assetId": "iHpt69-nvdYl",
          "checksum": "218d747ff5cbf5b3e3b34a44c390de48"
        },
        {
          "type": "image",
          "assetId": "qOYXrKYEuQ-K",
          "checksum": "2523eaf12567232b864e343327808680"
        },
        {
          "type": "image",
          "assetId": "irqxHXxk6fGv",
          "checksum": "9f6c7424ce2cb8e130ffbb0c443124f8"
        },
        {
          "type": "image",
          "assetId": "coi-U3YR3zkC",
          "checksum": "3e3fb4c3779bafa0c08d42332ca91d9e"
        },
        {
          "type": "image",
          "assetId": "ygpkMgwwhP7z",
          "checksum": "636ab7b2f7099263a87462b384a0c4ea"
        },
        {
          "type": "image",
          "assetId": "TS33FqRdmDuF",
          "checksum": "0d1e57665a1533f210149b73cb041301"
        },
        {
          "type": "image",
          "assetId": "GYvuq2vNULPT",
          "checksum": "951abb21328faed4cd61670c6c849af5"
        },
        {
          "type": "image",
          "assetId": "6eNUjhmDXoQS",
          "checksum": "705ac686ea5f670ea76e7fdef02f7b37"
        },
        {
          "type": "image",
          "assetId": "C2yd88ZgY5Il",
          "checksum": "8f9a505fd3bf47cf220b336587e0f4a1"
        },
        {
          "type": "image",
          "assetId": "wlvaZz1VhNBE",
          "checksum": "ae17fe7e635bd55494a7c4337eb9ffbf"
        },
        {
          "type": "image",
          "assetId": "u2QwHDLVPqXk",
          "checksum": "eca104a7bd5e20eb4e07b7b62435ff85"
        },
        {
          "type": "image",
          "assetId": "MFzDjJt4PjFs",
          "checksum": "0e9d03509494372d7b509df39e5c9e3f"
        },
        {
          "type": "image",
          "assetId": "v-CIU19_ZAp4",
          "checksum": "317f90d9c1fe80aa3facadc0d5927c38"
        },
        {
          "type": "image",
          "assetId": "fg5vVfLiQAJJ",
          "checksum": "fe7b7455b27087b573250ea184abe156"
        },
        {
          "type": "image",
          "assetId": "NqTm5WDZ-l85",
          "checksum": "8d38c5f4636d7ea2363c14f48810726f"
        },
        {
          "type": "image",
          "assetId": "9UdRHtzu72fu",
          "checksum": "e5c3ddd37dd1b6ecf410f07206654612"
        },
        {
          "type": "image",
          "assetId": "9OxAaCfMDmKQ",
          "checksum": "bd66abd7a234f4b2dc27008ca320c74d"
        },
        {
          "type": "image",
          "assetId": "agak2PtYcmo7",
          "checksum": "641a699c84142ca751cbcbc1e48d03f5"
        },
        {
          "type": "image",
          "assetId": "8tTaUtpm3MOK",
          "checksum": "d047e10a7de31e51854e4e635a6c3967"
        },
        {
          "type": "image",
          "assetId": "JvodrCxemsmM",
          "checksum": "fe2d44976afcea9b3894ee8894a64f18"
        },
        {
          "type": "image",
          "assetId": "jlcz7QUcaHE2",
          "checksum": "e9889c3de5f961ba1bf0bbd7a4862f51"
        },
        {
          "type": "image",
          "assetId": "A7S34Be1dP--",
          "checksum": "6bd62dbf364a7475199a9f08ec15a4a4"
        },
        {
          "type": "image",
          "assetId": "Uo1JcMzlDDL9",
          "checksum": "e9b58406e52ed9d6b7038f6366cd4e77"
        },
        {
          "type": "image",
          "assetId": "du_GW6BccTWr",
          "checksum": "97fb87513cf06695f655d5a5d818c8a9"
        },
        {
          "type": "image",
          "assetId": "-jS4QWyIJOVe",
          "checksum": "b79db52f7bc766b360ab4fd4e863b88b"
        },
        {
          "type": "image",
          "assetId": "Yb3jZNyHObf2",
          "checksum": "6a8764b0ad21553cb284114cf9091eee"
        },
        {
          "type": "image",
          "assetId": "t7fBnbJxIbwA",
          "checksum": "9cc81cc4870769ae3700741e0d59e307"
        },
        {
          "type": "image",
          "assetId": "0voqhkLCR9iI",
          "checksum": "76a20fde8a4797544d9c1eb26d623d84"
        },
        {
          "type": "image",
          "assetId": "gheEg7rErJjv",
          "checksum": "9337c73165e95147cc87d3aab12aaed8"
        },
        {
          "type": "image",
          "assetId": "TUGk45w4pW4s",
          "checksum": "7ec4f5c144c59b4f3b9d02dfa9025684"
        },
        {
          "type": "image",
          "assetId": "zQXjKBqaCiSI",
          "checksum": "5d2d6bf047aa296ca5f76122794d1bc2"
        }
      ],
      "codegenVersion": "0.0.1"
    }
  ],
  "cliVersion": "0.1.336"
}
